
Microsoft Visual Studio Solution File, Format Version 11.00
# Visual Studio 2010
Project("{FAE04EC0-301F-11D3-BF4B-00C04F79EFBC}") = "FizzBuzz", "FizzBuzz.csproj", "{8D97D281-F1AE-4E6E-AED7-0F08C4C69803}"
EndProject
Project("{FAE04EC0-301F-11D3-BF4B-00C04F79EFBC}") = "FizzBuzz.Tests", "..\FizzBuzz.Tests\FizzBuzz.Tests.csproj", "{CD9E78E3-6A3A-4418-B6C0-0EECE21F24CC}"
EndProject
Project("{2150E333-8FDC-42A3-9474-1A3956D46DE8}") = "Solution Items", "Solution Items", "{82FB24A8-41B4-4CE0-9262-A87228601B97}"
	ProjectSection(SolutionItems) = preProject
		FizzBuzz.vsmdi = FizzBuzz.vsmdi
		Local.testsettings = Local.testsettings
		TraceAndTestImpact.testsettings = TraceAndTestImpact.testsettings
	EndProjectSection
EndProject
Project("{FAE04EC0-301F-11D3-BF4B-00C04F79EFBC}") = "FizzBuzzGame", "FizzBuzzGame\FizzBuzzGame.csproj", "{5BEDC303-9963-4000-979C-8E26999FD64B}"
EndProject
Global
	GlobalSection(TestCaseManagementSettings) = postSolution
		CategoryFile = FizzBuzz.vsmdi
	EndGlobalSection
	GlobalSection(SolutionConfigurationPlatforms) = preSolution
		Debug|Any CPU = Debug|Any CPU
		Debug|Mixed Platforms = Debug|Mixed Platforms
		Debug|x86 = Debug|x86
		Release|Any CPU = Release|Any CPU
		Release|Mixed Platforms = Release|Mixed Platforms
		Release|x86 = Release|x86
	EndGlobalSection
	GlobalSection(ProjectConfigurationPlatforms) = postSolution
		{8D97D281-F1AE-4E6E-AED7-0F08C4C69803}.Debug|Any CPU.ActiveCfg = Debug|Any CPU
		{8D97D281-F1AE-4E6E-AED7-0F08C4C69803}.Debug|Any CPU.Build.0 = Debug|Any CPU
		{8D97D281-F1AE-4E6E-AED7-0F08C4C69803}.Debug|Mixed Platforms.ActiveCfg = Debug|Any CPU
		{8D97D281-F1AE-4E6E-AED7-0F08C4C69803}.Debug|Mixed Platforms.Build.0 = Debug|Any CPU
		{8D97D281-F1AE-4E6E-AED7-0F08C4C69803}.Debug|x86.ActiveCfg = Debug|Any CPU
		{8D97D281-F1AE-4E6E-AED7-0F08C4C69803}.Release|Any CPU.ActiveCfg = Release|Any CPU
		{8D97D281-F1AE-4E6E-AED7-0F08C4C69803}.Release|Any CPU.Build.0 = Release|Any CPU
		{8D97D281-F1AE-4E6E-AED7-0F08C4C69803}.Release|Mixed Platforms.ActiveCfg = Release|Any CPU
		{8D97D281-F1AE-4E6E-AED7-0F08C4C69803}.Release|Mixed Platforms.Build.0 = Release|Any CPU
		{8D97D281-F1AE-4E6E-AED7-0F08C4C69803}.Release|x86.ActiveCfg = Release|Any CPU
		{CD9E78E3-6A3A-4418-B6C0-0EECE21F24CC}.Debug|Any CPU.ActiveCfg = Debug|Any CPU
		{CD9E78E3-6A3A-4418-B6C0-0EECE21F24CC}.Debug|Any CPU.Build.0 = Debug|Any CPU
		{CD9E78E3-6A3A-4418-B6C0-0EECE21F24CC}.Debug|Mixed Platforms.ActiveCfg = Debug|Any CPU
		{CD9E78E3-6A3A-4418-B6C0-0EECE21F24CC}.Debug|Mixed Platforms.Build.0 = Debug|Any CPU
		{CD9E78E3-6A3A-4418-B6C0-0EECE21F24CC}.Debug|x86.ActiveCfg = Debug|Any CPU
		{CD9E78E3-6A3A-4418-B6C0-0EECE21F24CC}.Release|Any CPU.ActiveCfg = Release|Any CPU
		{CD9E78E3-6A3A-4418-B6C0-0EECE21F24CC}.Release|Any CPU.Build.0 = Release|Any CPU
		{CD9E78E3-6A3A-4418-B6C0-0EECE21F24CC}.Release|Mixed Platforms.ActiveCfg = Release|Any CPU
		{CD9E78E3-6A3A-4418-B6C0-0EECE21F24CC}.Release|Mixed Platforms.Build.0 = Release|Any CPU
		{CD9E78E3-6A3A-4418-B6C0-0EECE21F24CC}.Release|x86.ActiveCfg = Release|Any CPU
		{5BEDC303-9963-4000-979C-8E26999FD64B}.Debug|Any CPU.ActiveCfg = Debug|x86
		{5BEDC303-9963-4000-979C-8E26999FD64B}.Debug|Mixed Platforms.ActiveCfg = Debug|x86
		{5BEDC303-9963-4000-979C-8E26999FD64B}.Debug|Mixed Platforms.Build.0 = Debug|x86
		{5BEDC303-9963-4000-979C-8E26999FD64B}.Debug|x86.ActiveCfg = Debug|x86
		{5BEDC303-9963-4000-979C-8E26999FD64B}.Debug|x86.Build.0 = Debug|x86
		{5BEDC303-9963-4000-979C-8E26999FD64B}.Release|Any CPU.ActiveCfg = Release|x86
		{5BEDC303-9963-4000-979C-8E26999FD64B}.Release|Mixed Platforms.ActiveCfg = Release|x86
		{5BEDC303-9963-4000-979C-8E26999FD64B}.Release|Mixed Platforms.Build.0 = Release|x86
		{5BEDC303-9963-4000-979C-8E26999FD64B}.Release|x86.ActiveCfg = Release|x86
		{5BEDC303-9963-4000-979C-8E26999FD64B}.Release|x86.Build.0 = Release|x86
	EndGlobalSection
	GlobalSection(SolutionProperties) = preSolution
		HideSolutionNode = FALSE
	EndGlobalSection
EndGlobal
