
Microsoft Visual Studio Solution File, Format Version 12.00
# Visual Studio 2012
Project("{FAE04EC0-301F-11D3-BF4B-00C04F79EFBC}") = "StringCalculatorKata", "StringCalculator\StringCalculatorKata.csproj", "{B44B7795-B71F-4F67-8867-45105B6B9048}"
EndProject
Project("{FAE04EC0-301F-11D3-BF4B-00C04F79EFBC}") = "StringCalculatorKata.Tests", "StringCalculator.Tests\StringCalculatorKata.Tests.csproj", "{D61C37B5-BE0A-46CD-8222-E14236F65E20}"
EndProject
Global
	GlobalSection(SolutionConfigurationPlatforms) = preSolution
		Debug|Any CPU = Debug|Any CPU
		Release|Any CPU = Release|Any CPU
	EndGlobalSection
	GlobalSection(ProjectConfigurationPlatforms) = postSolution
		{B44B7795-B71F-4F67-8867-45105B6B9048}.Debug|Any CPU.ActiveCfg = Debug|Any CPU
		{B44B7795-B71F-4F67-8867-45105B6B9048}.Debug|Any CPU.Build.0 = Debug|Any CPU
		{B44B7795-B71F-4F67-8867-45105B6B9048}.Release|Any CPU.ActiveCfg = Release|Any CPU
		{B44B7795-B71F-4F67-8867-45105B6B9048}.Release|Any CPU.Build.0 = Release|Any CPU
		{D61C37B5-BE0A-46CD-8222-E14236F65E20}.Debug|Any CPU.ActiveCfg = Debug|Any CPU
		{D61C37B5-BE0A-46CD-8222-E14236F65E20}.Debug|Any CPU.Build.0 = Debug|Any CPU
		{D61C37B5-BE0A-46CD-8222-E14236F65E20}.Release|Any CPU.ActiveCfg = Release|Any CPU
		{D61C37B5-BE0A-46CD-8222-E14236F65E20}.Release|Any CPU.Build.0 = Release|Any CPU
	EndGlobalSection
	GlobalSection(SolutionProperties) = preSolution
		HideSolutionNode = FALSE
	EndGlobalSection
EndGlobal
