
Microsoft Visual Studio Solution File, Format Version 12.00
# Visual Studio 2012
Project("{FAE04EC0-301F-11D3-BF4B-00C04F79EFBC}") = "ComposingMethods", "ComposingMethods\ComposingMethods.csproj", "{EC8A5ED8-E26D-4A2B-8BB6-866EE86F8DE9}"
EndProject
Project("{FAE04EC0-301F-11D3-BF4B-00C04F79EFBC}") = "ComposingMethods.UnitTests", "ComposingMethods.UnitTests\ComposingMethods.UnitTests.csproj", "{419E784B-2600-48CD-BAD0-E1497311857C}"
EndProject
Global
	GlobalSection(SolutionConfigurationPlatforms) = preSolution
		Debug|Any CPU = Debug|Any CPU
		Release|Any CPU = Release|Any CPU
	EndGlobalSection
	GlobalSection(ProjectConfigurationPlatforms) = postSolution
		{EC8A5ED8-E26D-4A2B-8BB6-866EE86F8DE9}.Debug|Any CPU.ActiveCfg = Debug|Any CPU
		{EC8A5ED8-E26D-4A2B-8BB6-866EE86F8DE9}.Debug|Any CPU.Build.0 = Debug|Any CPU
		{EC8A5ED8-E26D-4A2B-8BB6-866EE86F8DE9}.Release|Any CPU.ActiveCfg = Release|Any CPU
		{EC8A5ED8-E26D-4A2B-8BB6-866EE86F8DE9}.Release|Any CPU.Build.0 = Release|Any CPU
		{419E784B-2600-48CD-BAD0-E1497311857C}.Debug|Any CPU.ActiveCfg = Debug|Any CPU
		{419E784B-2600-48CD-BAD0-E1497311857C}.Debug|Any CPU.Build.0 = Debug|Any CPU
		{419E784B-2600-48CD-BAD0-E1497311857C}.Release|Any CPU.ActiveCfg = Release|Any CPU
		{419E784B-2600-48CD-BAD0-E1497311857C}.Release|Any CPU.Build.0 = Release|Any CPU
	EndGlobalSection
	GlobalSection(SolutionProperties) = preSolution
		HideSolutionNode = FALSE
	EndGlobalSection
EndGlobal
